
Microsoft Visual Studio Solution File, Format Version 12.00
# Visual Studio 15
VisualStudioVersion = 15.0.28307.421
MinimumVisualStudioVersion = 10.0.40219.1
Project("{FAE04EC0-301F-11D3-BF4B-00C04F79EFBC}") = "TasksApp.Android", "TasksApp\TasksApp.Android\TasksApp.Android.csproj", "{9A44CFC7-C4AB-4551-BDD3-A9D2764B054E}"
EndProject
Project("{FAE04EC0-301F-11D3-BF4B-00C04F79EFBC}") = "TasksApp.iOS", "TasksApp\TasksApp.iOS\TasksApp.iOS.csproj", "{3BE21A84-EA7C-4A1A-8FBC-AEB17C5E9A04}"
EndProject
Project("{FAE04EC0-301F-11D3-BF4B-00C04F79EFBC}") = "TasksApp.UWP", "TasksApp\TasksApp.UWP\TasksApp.UWP.csproj", "{6131C011-77DA-4892-B96F-920590D5B106}"
EndProject
Project("{FAE04EC0-301F-11D3-BF4B-00C04F79EFBC}") = "TasksApp", "TasksApp\TasksApp\TasksApp.csproj", "{27D7A7C4-804A-4FD7-A391-49D812FBD966}"
EndProject
Global
	GlobalSection(SolutionConfigurationPlatforms) = preSolution
		Ad-Hoc|Any CPU = Ad-Hoc|Any CPU
		Ad-Hoc|ARM = Ad-Hoc|ARM
		Ad-Hoc|iPhone = Ad-Hoc|iPhone
		Ad-Hoc|iPhoneSimulator = Ad-Hoc|iPhoneSimulator
		Ad-Hoc|x64 = Ad-Hoc|x64
		Ad-Hoc|x86 = Ad-Hoc|x86
		AppStore|Any CPU = AppStore|Any CPU
		AppStore|ARM = AppStore|ARM
		AppStore|iPhone = AppStore|iPhone
		AppStore|iPhoneSimulator = AppStore|iPhoneSimulator
		AppStore|x64 = AppStore|x64
		AppStore|x86 = AppStore|x86
		Debug|Any CPU = Debug|Any CPU
		Debug|ARM = Debug|ARM
		Debug|iPhone = Debug|iPhone
		Debug|iPhoneSimulator = Debug|iPhoneSimulator
		Debug|x64 = Debug|x64
		Debug|x86 = Debug|x86
		Release|Any CPU = Release|Any CPU
		Release|ARM = Release|ARM
		Release|iPhone = Release|iPhone
		Release|iPhoneSimulator = Release|iPhoneSimulator
		Release|x64 = Release|x64
		Release|x86 = Release|x86
	EndGlobalSection
	GlobalSection(ProjectConfigurationPlatforms) = postSolution
		{9A44CFC7-C4AB-4551-BDD3-A9D2764B054E}.Ad-Hoc|Any CPU.ActiveCfg = Release|Any CPU
		{9A44CFC7-C4AB-4551-BDD3-A9D2764B054E}.Ad-Hoc|Any CPU.Build.0 = Release|Any CPU
		{9A44CFC7-C4AB-4551-BDD3-A9D2764B054E}.Ad-Hoc|Any CPU.Deploy.0 = Release|Any CPU
		{9A44CFC7-C4AB-4551-BDD3-A9D2764B054E}.Ad-Hoc|ARM.ActiveCfg = Release|Any CPU
		{9A44CFC7-C4AB-4551-BDD3-A9D2764B054E}.Ad-Hoc|ARM.Build.0 = Release|Any CPU
		{9A44CFC7-C4AB-4551-BDD3-A9D2764B054E}.Ad-Hoc|ARM.Deploy.0 = Release|Any CPU
		{9A44CFC7-C4AB-4551-BDD3-A9D2764B054E}.Ad-Hoc|iPhone.ActiveCfg = Release|Any CPU
		{9A44CFC7-C4AB-4551-BDD3-A9D2764B054E}.Ad-Hoc|iPhone.Build.0 = Release|Any CPU
		{9A44CFC7-C4AB-4551-BDD3-A9D2764B054E}.Ad-Hoc|iPhone.Deploy.0 = Release|Any CPU
		{9A44CFC7-C4AB-4551-BDD3-A9D2764B054E}.Ad-Hoc|iPhoneSimulator.ActiveCfg = Release|Any CPU
		{9A44CFC7-C4AB-4551-BDD3-A9D2764B054E}.Ad-Hoc|iPhoneSimulator.Build.0 = Release|Any CPU
		{9A44CFC7-C4AB-4551-BDD3-A9D2764B054E}.Ad-Hoc|iPhoneSimulator.Deploy.0 = Release|Any CPU
		{9A44CFC7-C4AB-4551-BDD3-A9D2764B054E}.Ad-Hoc|x64.ActiveCfg = Release|Any CPU
		{9A44CFC7-C4AB-4551-BDD3-A9D2764B054E}.Ad-Hoc|x64.Build.0 = Release|Any CPU
		{9A44CFC7-C4AB-4551-BDD3-A9D2764B054E}.Ad-Hoc|x64.Deploy.0 = Release|Any CPU
		{9A44CFC7-C4AB-4551-BDD3-A9D2764B054E}.Ad-Hoc|x86.ActiveCfg = Release|Any CPU
		{9A44CFC7-C4AB-4551-BDD3-A9D2764B054E}.Ad-Hoc|x86.Build.0 = Release|Any CPU
		{9A44CFC7-C4AB-4551-BDD3-A9D2764B054E}.Ad-Hoc|x86.Deploy.0 = Release|Any CPU
		{9A44CFC7-C4AB-4551-BDD3-A9D2764B054E}.AppStore|Any CPU.ActiveCfg = Release|Any CPU
		{9A44CFC7-C4AB-4551-BDD3-A9D2764B054E}.AppStore|Any CPU.Build.0 = Release|Any CPU
		{9A44CFC7-C4AB-4551-BDD3-A9D2764B054E}.AppStore|Any CPU.Deploy.0 = Release|Any CPU
		{9A44CFC7-C4AB-4551-BDD3-A9D2764B054E}.AppStore|ARM.ActiveCfg = Release|Any CPU
		{9A44CFC7-C4AB-4551-BDD3-A9D2764B054E}.AppStore|ARM.Build.0 = Release|Any CPU
		{9A44CFC7-C4AB-4551-BDD3-A9D2764B054E}.AppStore|ARM.Deploy.0 = Release|Any CPU
		{9A44CFC7-C4AB-4551-BDD3-A9D2764B054E}.AppStore|iPhone.ActiveCfg = Release|Any CPU
		{9A44CFC7-C4AB-4551-BDD3-A9D2764B054E}.AppStore|iPhone.Build.0 = Release|Any CPU
		{9A44CFC7-C4AB-4551-BDD3-A9D2764B054E}.AppStore|iPhone.Deploy.0 = Release|Any CPU
		{9A44CFC7-C4AB-4551-BDD3-A9D2764B054E}.AppStore|iPhoneSimulator.ActiveCfg = Release|Any CPU
		{9A44CFC7-C4AB-4551-BDD3-A9D2764B054E}.AppStore|iPhoneSimulator.Build.0 = Release|Any CPU
		{9A44CFC7-C4AB-4551-BDD3-A9D2764B054E}.AppStore|iPhoneSimulator.Deploy.0 = Release|Any CPU
		{9A44CFC7-C4AB-4551-BDD3-A9D2764B054E}.AppStore|x64.ActiveCfg = Release|Any CPU
		{9A44CFC7-C4AB-4551-BDD3-A9D2764B054E}.AppStore|x64.Build.0 = Release|Any CPU
		{9A44CFC7-C4AB-4551-BDD3-A9D2764B054E}.AppStore|x64.Deploy.0 = Release|Any CPU
		{9A44CFC7-C4AB-4551-BDD3-A9D2764B054E}.AppStore|x86.ActiveCfg = Release|Any CPU
		{9A44CFC7-C4AB-4551-BDD3-A9D2764B054E}.AppStore|x86.Build.0 = Release|Any CPU
		{9A44CFC7-C4AB-4551-BDD3-A9D2764B054E}.AppStore|x86.Deploy.0 = Release|Any CPU
		{9A44CFC7-C4AB-4551-BDD3-A9D2764B054E}.Debug|Any CPU.ActiveCfg = Debug|Any CPU
		{9A44CFC7-C4AB-4551-BDD3-A9D2764B054E}.Debug|Any CPU.Build.0 = Debug|Any CPU
		{9A44CFC7-C4AB-4551-BDD3-A9D2764B054E}.Debug|Any CPU.Deploy.0 = Debug|Any CPU
		{9A44CFC7-C4AB-4551-BDD3-A9D2764B054E}.Debug|ARM.ActiveCfg = Debug|Any CPU
		{9A44CFC7-C4AB-4551-BDD3-A9D2764B054E}.Debug|ARM.Build.0 = Debug|Any CPU
		{9A44CFC7-C4AB-4551-BDD3-A9D2764B054E}.Debug|ARM.Deploy.0 = Debug|Any CPU
		{9A44CFC7-C4AB-4551-BDD3-A9D2764B054E}.Debug|iPhone.ActiveCfg = Debug|Any CPU
		{9A44CFC7-C4AB-4551-BDD3-A9D2764B054E}.Debug|iPhone.Build.0 = Debug|Any CPU
		{9A44CFC7-C4AB-4551-BDD3-A9D2764B054E}.Debug|iPhone.Deploy.0 = Debug|Any CPU
		{9A44CFC7-C4AB-4551-BDD3-A9D2764B054E}.Debug|iPhoneSimulator.ActiveCfg = Debug|Any CPU
		{9A44CFC7-C4AB-4551-BDD3-A9D2764B054E}.Debug|iPhoneSimulator.Build.0 = Debug|Any CPU
		{9A44CFC7-C4AB-4551-BDD3-A9D2764B054E}.Debug|iPhoneSimulator.Deploy.0 = Debug|Any CPU
		{9A44CFC7-C4AB-4551-BDD3-A9D2764B054E}.Debug|x64.ActiveCfg = Debug|Any CPU
		{9A44CFC7-C4AB-4551-BDD3-A9D2764B054E}.Debug|x64.Build.0 = Debug|Any CPU
		{9A44CFC7-C4AB-4551-BDD3-A9D2764B054E}.Debug|x64.Deploy.0 = Debug|Any CPU
		{9A44CFC7-C4AB-4551-BDD3-A9D2764B054E}.Debug|x86.ActiveCfg = Debug|Any CPU
		{9A44CFC7-C4AB-4551-BDD3-A9D2764B054E}.Debug|x86.Build.0 = Debug|Any CPU
		{9A44CFC7-C4AB-4551-BDD3-A9D2764B054E}.Debug|x86.Deploy.0 = Debug|Any CPU
		{9A44CFC7-C4AB-4551-BDD3-A9D2764B054E}.Release|Any CPU.ActiveCfg = Release|Any CPU
		{9A44CFC7-C4AB-4551-BDD3-A9D2764B054E}.Release|Any CPU.Build.0 = Release|Any CPU
		{9A44CFC7-C4AB-4551-BDD3-A9D2764B054E}.Release|Any CPU.Deploy.0 = Release|Any CPU
		{9A44CFC7-C4AB-4551-BDD3-A9D2764B054E}.Release|ARM.ActiveCfg = Release|Any CPU
		{9A44CFC7-C4AB-4551-BDD3-A9D2764B054E}.Release|ARM.Build.0 = Release|Any CPU
		{9A44CFC7-C4AB-4551-BDD3-A9D2764B054E}.Release|ARM.Deploy.0 = Release|Any CPU
		{9A44CFC7-C4AB-4551-BDD3-A9D2764B054E}.Release|iPhone.ActiveCfg = Release|Any CPU
		{9A44CFC7-C4AB-4551-BDD3-A9D2764B054E}.Release|iPhone.Build.0 = Release|Any CPU
		{9A44CFC7-C4AB-4551-BDD3-A9D2764B054E}.Release|iPhone.Deploy.0 = Release|Any CPU
		{9A44CFC7-C4AB-4551-BDD3-A9D2764B054E}.Release|iPhoneSimulator.ActiveCfg = Release|Any CPU
		{9A44CFC7-C4AB-4551-BDD3-A9D2764B054E}.Release|iPhoneSimulator.Build.0 = Release|Any CPU
		{9A44CFC7-C4AB-4551-BDD3-A9D2764B054E}.Release|iPhoneSimulator.Deploy.0 = Release|Any CPU
		{9A44CFC7-C4AB-4551-BDD3-A9D2764B054E}.Release|x64.ActiveCfg = Release|Any CPU
		{9A44CFC7-C4AB-4551-BDD3-A9D2764B054E}.Release|x64.Build.0 = Release|Any CPU
		{9A44CFC7-C4AB-4551-BDD3-A9D2764B054E}.Release|x64.Deploy.0 = Release|Any CPU
		{9A44CFC7-C4AB-4551-BDD3-A9D2764B054E}.Release|x86.ActiveCfg = Release|Any CPU
		{9A44CFC7-C4AB-4551-BDD3-A9D2764B054E}.Release|x86.Build.0 = Release|Any CPU
		{9A44CFC7-C4AB-4551-BDD3-A9D2764B054E}.Release|x86.Deploy.0 = Release|Any CPU
		{3BE21A84-EA7C-4A1A-8FBC-AEB17C5E9A04}.Ad-Hoc|Any CPU.ActiveCfg = Ad-Hoc|iPhone
		{3BE21A84-EA7C-4A1A-8FBC-AEB17C5E9A04}.Ad-Hoc|Any CPU.Build.0 = Ad-Hoc|iPhone
		{3BE21A84-EA7C-4A1A-8FBC-AEB17C5E9A04}.Ad-Hoc|Any CPU.Deploy.0 = Ad-Hoc|iPhone
		{3BE21A84-EA7C-4A1A-8FBC-AEB17C5E9A04}.Ad-Hoc|ARM.ActiveCfg = Ad-Hoc|iPhone
		{3BE21A84-EA7C-4A1A-8FBC-AEB17C5E9A04}.Ad-Hoc|ARM.Build.0 = Ad-Hoc|iPhone
		{3BE21A84-EA7C-4A1A-8FBC-AEB17C5E9A04}.Ad-Hoc|ARM.Deploy.0 = Ad-Hoc|iPhone
		{3BE21A84-EA7C-4A1A-8FBC-AEB17C5E9A04}.Ad-Hoc|iPhone.ActiveCfg = Ad-Hoc|iPhone
		{3BE21A84-EA7C-4A1A-8FBC-AEB17C5E9A04}.Ad-Hoc|iPhone.Build.0 = Ad-Hoc|iPhone
		{3BE21A84-EA7C-4A1A-8FBC-AEB17C5E9A04}.Ad-Hoc|iPhone.Deploy.0 = Ad-Hoc|iPhone
		{3BE21A84-EA7C-4A1A-8FBC-AEB17C5E9A04}.Ad-Hoc|iPhoneSimulator.ActiveCfg = Ad-Hoc|iPhoneSimulator
		{3BE21A84-EA7C-4A1A-8FBC-AEB17C5E9A04}.Ad-Hoc|iPhoneSimulator.Build.0 = Ad-Hoc|iPhoneSimulator
		{3BE21A84-EA7C-4A1A-8FBC-AEB17C5E9A04}.Ad-Hoc|iPhoneSimulator.Deploy.0 = Ad-Hoc|iPhoneSimulator
		{3BE21A84-EA7C-4A1A-8FBC-AEB17C5E9A04}.Ad-Hoc|x64.ActiveCfg = Ad-Hoc|iPhone
		{3BE21A84-EA7C-4A1A-8FBC-AEB17C5E9A04}.Ad-Hoc|x64.Build.0 = Ad-Hoc|iPhone
		{3BE21A84-EA7C-4A1A-8FBC-AEB17C5E9A04}.Ad-Hoc|x64.Deploy.0 = Ad-Hoc|iPhone
		{3BE21A84-EA7C-4A1A-8FBC-AEB17C5E9A04}.Ad-Hoc|x86.ActiveCfg = Ad-Hoc|iPhone
		{3BE21A84-EA7C-4A1A-8FBC-AEB17C5E9A04}.Ad-Hoc|x86.Build.0 = Ad-Hoc|iPhone
		{3BE21A84-EA7C-4A1A-8FBC-AEB17C5E9A04}.Ad-Hoc|x86.Deploy.0 = Ad-Hoc|iPhone
		{3BE21A84-EA7C-4A1A-8FBC-AEB17C5E9A04}.AppStore|Any CPU.ActiveCfg = AppStore|iPhone
		{3BE21A84-EA7C-4A1A-8FBC-AEB17C5E9A04}.AppStore|Any CPU.Build.0 = AppStore|iPhone
		{3BE21A84-EA7C-4A1A-8FBC-AEB17C5E9A04}.AppStore|Any CPU.Deploy.0 = AppStore|iPhone
		{3BE21A84-EA7C-4A1A-8FBC-AEB17C5E9A04}.AppStore|ARM.ActiveCfg = AppStore|iPhone
		{3BE21A84-EA7C-4A1A-8FBC-AEB17C5E9A04}.AppStore|ARM.Build.0 = AppStore|iPhone
		{3BE21A84-EA7C-4A1A-8FBC-AEB17C5E9A04}.AppStore|ARM.Deploy.0 = AppStore|iPhone
		{3BE21A84-EA7C-4A1A-8FBC-AEB17C5E9A04}.AppStore|iPhone.ActiveCfg = AppStore|iPhone
		{3BE21A84-EA7C-4A1A-8FBC-AEB17C5E9A04}.AppStore|iPhone.Build.0 = AppStore|iPhone
		{3BE21A84-EA7C-4A1A-8FBC-AEB17C5E9A04}.AppStore|iPhone.Deploy.0 = AppStore|iPhone
		{3BE21A84-EA7C-4A1A-8FBC-AEB17C5E9A04}.AppStore|iPhoneSimulator.ActiveCfg = AppStore|iPhoneSimulator
		{3BE21A84-EA7C-4A1A-8FBC-AEB17C5E9A04}.AppStore|iPhoneSimulator.Build.0 = AppStore|iPhoneSimulator
		{3BE21A84-EA7C-4A1A-8FBC-AEB17C5E9A04}.AppStore|iPhoneSimulator.Deploy.0 = AppStore|iPhoneSimulator
		{3BE21A84-EA7C-4A1A-8FBC-AEB17C5E9A04}.AppStore|x64.ActiveCfg = AppStore|iPhone
		{3BE21A84-EA7C-4A1A-8FBC-AEB17C5E9A04}.AppStore|x64.Build.0 = AppStore|iPhone
		{3BE21A84-EA7C-4A1A-8FBC-AEB17C5E9A04}.AppStore|x64.Deploy.0 = AppStore|iPhone
		{3BE21A84-EA7C-4A1A-8FBC-AEB17C5E9A04}.AppStore|x86.ActiveCfg = AppStore|iPhone
		{3BE21A84-EA7C-4A1A-8FBC-AEB17C5E9A04}.AppStore|x86.Build.0 = AppStore|iPhone
		{3BE21A84-EA7C-4A1A-8FBC-AEB17C5E9A04}.AppStore|x86.Deploy.0 = AppStore|iPhone
		{3BE21A84-EA7C-4A1A-8FBC-AEB17C5E9A04}.Debug|Any CPU.ActiveCfg = Debug|iPhoneSimulator
		{3BE21A84-EA7C-4A1A-8FBC-AEB17C5E9A04}.Debug|Any CPU.Build.0 = Debug|iPhoneSimulator
		{3BE21A84-EA7C-4A1A-8FBC-AEB17C5E9A04}.Debug|Any CPU.Deploy.0 = Debug|iPhoneSimulator
		{3BE21A84-EA7C-4A1A-8FBC-AEB17C5E9A04}.Debug|ARM.ActiveCfg = Debug|iPhone
		{3BE21A84-EA7C-4A1A-8FBC-AEB17C5E9A04}.Debug|ARM.Build.0 = Debug|iPhone
		{3BE21A84-EA7C-4A1A-8FBC-AEB17C5E9A04}.Debug|ARM.Deploy.0 = Debug|iPhone
		{3BE21A84-EA7C-4A1A-8FBC-AEB17C5E9A04}.Debug|iPhone.ActiveCfg = Debug|iPhone
		{3BE21A84-EA7C-4A1A-8FBC-AEB17C5E9A04}.Debug|iPhone.Build.0 = Debug|iPhone
		{3BE21A84-EA7C-4A1A-8FBC-AEB17C5E9A04}.Debug|iPhone.Deploy.0 = Debug|iPhone
		{3BE21A84-EA7C-4A1A-8FBC-AEB17C5E9A04}.Debug|iPhoneSimulator.ActiveCfg = Debug|iPhoneSimulator
		{3BE21A84-EA7C-4A1A-8FBC-AEB17C5E9A04}.Debug|iPhoneSimulator.Build.0 = Debug|iPhoneSimulator
		{3BE21A84-EA7C-4A1A-8FBC-AEB17C5E9A04}.Debug|iPhoneSimulator.Deploy.0 = Debug|iPhoneSimulator
		{3BE21A84-EA7C-4A1A-8FBC-AEB17C5E9A04}.Debug|x64.ActiveCfg = Debug|iPhone
		{3BE21A84-EA7C-4A1A-8FBC-AEB17C5E9A04}.Debug|x64.Build.0 = Debug|iPhone
		{3BE21A84-EA7C-4A1A-8FBC-AEB17C5E9A04}.Debug|x64.Deploy.0 = Debug|iPhone
		{3BE21A84-EA7C-4A1A-8FBC-AEB17C5E9A04}.Debug|x86.ActiveCfg = Debug|iPhone
		{3BE21A84-EA7C-4A1A-8FBC-AEB17C5E9A04}.Debug|x86.Build.0 = Debug|iPhone
		{3BE21A84-EA7C-4A1A-8FBC-AEB17C5E9A04}.Debug|x86.Deploy.0 = Debug|iPhone
		{3BE21A84-EA7C-4A1A-8FBC-AEB17C5E9A04}.Release|Any CPU.ActiveCfg = Release|iPhone
		{3BE21A84-EA7C-4A1A-8FBC-AEB17C5E9A04}.Release|Any CPU.Build.0 = Release|iPhone
		{3BE21A84-EA7C-4A1A-8FBC-AEB17C5E9A04}.Release|Any CPU.Deploy.0 = Release|iPhone
		{3BE21A84-EA7C-4A1A-8FBC-AEB17C5E9A04}.Release|ARM.ActiveCfg = Release|iPhone
		{3BE21A84-EA7C-4A1A-8FBC-AEB17C5E9A04}.Release|ARM.Build.0 = Release|iPhone
		{3BE21A84-EA7C-4A1A-8FBC-AEB17C5E9A04}.Release|ARM.Deploy.0 = Release|iPhone
		{3BE21A84-EA7C-4A1A-8FBC-AEB17C5E9A04}.Release|iPhone.ActiveCfg = Release|iPhone
		{3BE21A84-EA7C-4A1A-8FBC-AEB17C5E9A04}.Release|iPhone.Build.0 = Release|iPhone
		{3BE21A84-EA7C-4A1A-8FBC-AEB17C5E9A04}.Release|iPhone.Deploy.0 = Release|iPhone
		{3BE21A84-EA7C-4A1A-8FBC-AEB17C5E9A04}.Release|iPhoneSimulator.ActiveCfg = Release|iPhoneSimulator
		{3BE21A84-EA7C-4A1A-8FBC-AEB17C5E9A04}.Release|iPhoneSimulator.Build.0 = Release|iPhoneSimulator
		{3BE21A84-EA7C-4A1A-8FBC-AEB17C5E9A04}.Release|iPhoneSimulator.Deploy.0 = Release|iPhoneSimulator
		{3BE21A84-EA7C-4A1A-8FBC-AEB17C5E9A04}.Release|x64.ActiveCfg = Release|iPhone
		{3BE21A84-EA7C-4A1A-8FBC-AEB17C5E9A04}.Release|x64.Build.0 = Release|iPhone
		{3BE21A84-EA7C-4A1A-8FBC-AEB17C5E9A04}.Release|x64.Deploy.0 = Release|iPhone
		{3BE21A84-EA7C-4A1A-8FBC-AEB17C5E9A04}.Release|x86.ActiveCfg = Release|iPhone
		{3BE21A84-EA7C-4A1A-8FBC-AEB17C5E9A04}.Release|x86.Build.0 = Release|iPhone
		{3BE21A84-EA7C-4A1A-8FBC-AEB17C5E9A04}.Release|x86.Deploy.0 = Release|iPhone
		{6131C011-77DA-4892-B96F-920590D5B106}.Ad-Hoc|Any CPU.ActiveCfg = Release|x86
		{6131C011-77DA-4892-B96F-920590D5B106}.Ad-Hoc|Any CPU.Build.0 = Release|x86
		{6131C011-77DA-4892-B96F-920590D5B106}.Ad-Hoc|Any CPU.Deploy.0 = Release|x86
		{6131C011-77DA-4892-B96F-920590D5B106}.Ad-Hoc|ARM.ActiveCfg = Release|ARM
		{6131C011-77DA-4892-B96F-920590D5B106}.Ad-Hoc|ARM.Build.0 = Release|ARM
		{6131C011-77DA-4892-B96F-920590D5B106}.Ad-Hoc|ARM.Deploy.0 = Release|ARM
		{6131C011-77DA-4892-B96F-920590D5B106}.Ad-Hoc|iPhone.ActiveCfg = Release|x86
		{6131C011-77DA-4892-B96F-920590D5B106}.Ad-Hoc|iPhone.Build.0 = Release|x86
		{6131C011-77DA-4892-B96F-920590D5B106}.Ad-Hoc|iPhone.Deploy.0 = Release|x86
		{6131C011-77DA-4892-B96F-920590D5B106}.Ad-Hoc|iPhoneSimulator.ActiveCfg = Release|x86
		{6131C011-77DA-4892-B96F-920590D5B106}.Ad-Hoc|iPhoneSimulator.Build.0 = Release|x86
		{6131C011-77DA-4892-B96F-920590D5B106}.Ad-Hoc|iPhoneSimulator.Deploy.0 = Release|x86
		{6131C011-77DA-4892-B96F-920590D5B106}.Ad-Hoc|x64.ActiveCfg = Release|x64
		{6131C011-77DA-4892-B96F-920590D5B106}.Ad-Hoc|x64.Build.0 = Release|x64
		{6131C011-77DA-4892-B96F-920590D5B106}.Ad-Hoc|x64.Deploy.0 = Release|x64
		{6131C011-77DA-4892-B96F-920590D5B106}.Ad-Hoc|x86.ActiveCfg = Release|x86
		{6131C011-77DA-4892-B96F-920590D5B106}.Ad-Hoc|x86.Build.0 = Release|x86
		{6131C011-77DA-4892-B96F-920590D5B106}.Ad-Hoc|x86.Deploy.0 = Release|x86
		{6131C011-77DA-4892-B96F-920590D5B106}.AppStore|Any CPU.ActiveCfg = Release|x86
		{6131C011-77DA-4892-B96F-920590D5B106}.AppStore|Any CPU.Build.0 = Release|x86
		{6131C011-77DA-4892-B96F-920590D5B106}.AppStore|Any CPU.Deploy.0 = Release|x86
		{6131C011-77DA-4892-B96F-920590D5B106}.AppStore|ARM.ActiveCfg = Release|ARM
		{6131C011-77DA-4892-B96F-920590D5B106}.AppStore|ARM.Build.0 = Release|ARM
		{6131C011-77DA-4892-B96F-920590D5B106}.AppStore|ARM.Deploy.0 = Release|ARM
		{6131C011-77DA-4892-B96F-920590D5B106}.AppStore|iPhone.ActiveCfg = Release|x86
		{6131C011-77DA-4892-B96F-920590D5B106}.AppStore|iPhone.Build.0 = Release|x86
		{6131C011-77DA-4892-B96F-920590D5B106}.AppStore|iPhone.Deploy.0 = Release|x86
		{6131C011-77DA-4892-B96F-920590D5B106}.AppStore|iPhoneSimulator.ActiveCfg = Release|x86
		{6131C011-77DA-4892-B96F-920590D5B106}.AppStore|iPhoneSimulator.Build.0 = Release|x86
		{6131C011-77DA-4892-B96F-920590D5B106}.AppStore|iPhoneSimulator.Deploy.0 = Release|x86
		{6131C011-77DA-4892-B96F-920590D5B106}.AppStore|x64.ActiveCfg = Release|x64
		{6131C011-77DA-4892-B96F-920590D5B106}.AppStore|x64.Build.0 = Release|x64
		{6131C011-77DA-4892-B96F-920590D5B106}.AppStore|x64.Deploy.0 = Release|x64
		{6131C011-77DA-4892-B96F-920590D5B106}.AppStore|x86.ActiveCfg = Release|x86
		{6131C011-77DA-4892-B96F-920590D5B106}.AppStore|x86.Build.0 = Release|x86
		{6131C011-77DA-4892-B96F-920590D5B106}.AppStore|x86.Deploy.0 = Release|x86
		{6131C011-77DA-4892-B96F-920590D5B106}.Debug|Any CPU.ActiveCfg = Debug|x86
		{6131C011-77DA-4892-B96F-920590D5B106}.Debug|Any CPU.Build.0 = Debug|x86
		{6131C011-77DA-4892-B96F-920590D5B106}.Debug|Any CPU.Deploy.0 = Debug|x86
		{6131C011-77DA-4892-B96F-920590D5B106}.Debug|ARM.ActiveCfg = Debug|ARM
		{6131C011-77DA-4892-B96F-920590D5B106}.Debug|ARM.Build.0 = Debug|ARM
		{6131C011-77DA-4892-B96F-920590D5B106}.Debug|ARM.Deploy.0 = Debug|ARM
		{6131C011-77DA-4892-B96F-920590D5B106}.Debug|iPhone.ActiveCfg = Debug|x86
		{6131C011-77DA-4892-B96F-920590D5B106}.Debug|iPhone.Build.0 = Debug|x86
		{6131C011-77DA-4892-B96F-920590D5B106}.Debug|iPhone.Deploy.0 = Debug|x86
		{6131C011-77DA-4892-B96F-920590D5B106}.Debug|iPhoneSimulator.ActiveCfg = Debug|x86
		{6131C011-77DA-4892-B96F-920590D5B106}.Debug|iPhoneSimulator.Build.0 = Debug|x86
		{6131C011-77DA-4892-B96F-920590D5B106}.Debug|iPhoneSimulator.Deploy.0 = Debug|x86
		{6131C011-77DA-4892-B96F-920590D5B106}.Debug|x64.ActiveCfg = Debug|x64
		{6131C011-77DA-4892-B96F-920590D5B106}.Debug|x64.Build.0 = Debug|x64
		{6131C011-77DA-4892-B96F-920590D5B106}.Debug|x64.Deploy.0 = Debug|x64
		{6131C011-77DA-4892-B96F-920590D5B106}.Debug|x86.ActiveCfg = Debug|x86
		{6131C011-77DA-4892-B96F-920590D5B106}.Debug|x86.Build.0 = Debug|x86
		{6131C011-77DA-4892-B96F-920590D5B106}.Debug|x86.Deploy.0 = Debug|x86
		{6131C011-77DA-4892-B96F-920590D5B106}.Release|Any CPU.ActiveCfg = Release|x86
		{6131C011-77DA-4892-B96F-920590D5B106}.Release|Any CPU.Build.0 = Release|x86
		{6131C011-77DA-4892-B96F-920590D5B106}.Release|Any CPU.Deploy.0 = Release|x86
		{6131C011-77DA-4892-B96F-920590D5B106}.Release|ARM.ActiveCfg = Release|ARM
		{6131C011-77DA-4892-B96F-920590D5B106}.Release|ARM.Build.0 = Release|ARM
		{6131C011-77DA-4892-B96F-920590D5B106}.Release|ARM.Deploy.0 = Release|ARM
		{6131C011-77DA-4892-B96F-920590D5B106}.Release|iPhone.ActiveCfg = Release|x86
		{6131C011-77DA-4892-B96F-920590D5B106}.Release|iPhone.Build.0 = Release|x86
		{6131C011-77DA-4892-B96F-920590D5B106}.Release|iPhone.Deploy.0 = Release|x86
		{6131C011-77DA-4892-B96F-920590D5B106}.Release|iPhoneSimulator.ActiveCfg = Release|x86
		{6131C011-77DA-4892-B96F-920590D5B106}.Release|iPhoneSimulator.Build.0 = Release|x86
		{6131C011-77DA-4892-B96F-920590D5B106}.Release|iPhoneSimulator.Deploy.0 = Release|x86
		{6131C011-77DA-4892-B96F-920590D5B106}.Release|x64.ActiveCfg = Release|x64
		{6131C011-77DA-4892-B96F-920590D5B106}.Release|x64.Build.0 = Release|x64
		{6131C011-77DA-4892-B96F-920590D5B106}.Release|x64.Deploy.0 = Release|x64
		{6131C011-77DA-4892-B96F-920590D5B106}.Release|x86.ActiveCfg = Release|x86
		{6131C011-77DA-4892-B96F-920590D5B106}.Release|x86.Build.0 = Release|x86
		{6131C011-77DA-4892-B96F-920590D5B106}.Release|x86.Deploy.0 = Release|x86
		{27D7A7C4-804A-4FD7-A391-49D812FBD966}.Ad-Hoc|Any CPU.ActiveCfg = Debug|Any CPU
		{27D7A7C4-804A-4FD7-A391-49D812FBD966}.Ad-Hoc|Any CPU.Build.0 = Debug|Any CPU
		{27D7A7C4-804A-4FD7-A391-49D812FBD966}.Ad-Hoc|Any CPU.Deploy.0 = Debug|Any CPU
		{27D7A7C4-804A-4FD7-A391-49D812FBD966}.Ad-Hoc|ARM.ActiveCfg = Debug|Any CPU
		{27D7A7C4-804A-4FD7-A391-49D812FBD966}.Ad-Hoc|ARM.Build.0 = Debug|Any CPU
		{27D7A7C4-804A-4FD7-A391-49D812FBD966}.Ad-Hoc|ARM.Deploy.0 = Debug|Any CPU
		{27D7A7C4-804A-4FD7-A391-49D812FBD966}.Ad-Hoc|iPhone.ActiveCfg = Debug|Any CPU
		{27D7A7C4-804A-4FD7-A391-49D812FBD966}.Ad-Hoc|iPhone.Build.0 = Debug|Any CPU
		{27D7A7C4-804A-4FD7-A391-49D812FBD966}.Ad-Hoc|iPhone.Deploy.0 = Debug|Any CPU
		{27D7A7C4-804A-4FD7-A391-49D812FBD966}.Ad-Hoc|iPhoneSimulator.ActiveCfg = Debug|Any CPU
		{27D7A7C4-804A-4FD7-A391-49D812FBD966}.Ad-Hoc|iPhoneSimulator.Build.0 = Debug|Any CPU
		{27D7A7C4-804A-4FD7-A391-49D812FBD966}.Ad-Hoc|iPhoneSimulator.Deploy.0 = Debug|Any CPU
		{27D7A7C4-804A-4FD7-A391-49D812FBD966}.Ad-Hoc|x64.ActiveCfg = Debug|Any CPU
		{27D7A7C4-804A-4FD7-A391-49D812FBD966}.Ad-Hoc|x64.Build.0 = Debug|Any CPU
		{27D7A7C4-804A-4FD7-A391-49D812FBD966}.Ad-Hoc|x64.Deploy.0 = Debug|Any CPU
		{27D7A7C4-804A-4FD7-A391-49D812FBD966}.Ad-Hoc|x86.ActiveCfg = Debug|Any CPU
		{27D7A7C4-804A-4FD7-A391-49D812FBD966}.Ad-Hoc|x86.Build.0 = Debug|Any CPU
		{27D7A7C4-804A-4FD7-A391-49D812FBD966}.Ad-Hoc|x86.Deploy.0 = Debug|Any CPU
		{27D7A7C4-804A-4FD7-A391-49D812FBD966}.AppStore|Any CPU.ActiveCfg = Debug|Any CPU
		{27D7A7C4-804A-4FD7-A391-49D812FBD966}.AppStore|Any CPU.Build.0 = Debug|Any CPU
		{27D7A7C4-804A-4FD7-A391-49D812FBD966}.AppStore|Any CPU.Deploy.0 = Debug|Any CPU
		{27D7A7C4-804A-4FD7-A391-49D812FBD966}.AppStore|ARM.ActiveCfg = Debug|Any CPU
		{27D7A7C4-804A-4FD7-A391-49D812FBD966}.AppStore|ARM.Build.0 = Debug|Any CPU
		{27D7A7C4-804A-4FD7-A391-49D812FBD966}.AppStore|ARM.Deploy.0 = Debug|Any CPU
		{27D7A7C4-804A-4FD7-A391-49D812FBD966}.AppStore|iPhone.ActiveCfg = Debug|Any CPU
		{27D7A7C4-804A-4FD7-A391-49D812FBD966}.AppStore|iPhone.Build.0 = Debug|Any CPU
		{27D7A7C4-804A-4FD7-A391-49D812FBD966}.AppStore|iPhone.Deploy.0 = Debug|Any CPU
		{27D7A7C4-804A-4FD7-A391-49D812FBD966}.AppStore|iPhoneSimulator.ActiveCfg = Debug|Any CPU
		{27D7A7C4-804A-4FD7-A391-49D812FBD966}.AppStore|iPhoneSimulator.Build.0 = Debug|Any CPU
		{27D7A7C4-804A-4FD7-A391-49D812FBD966}.AppStore|iPhoneSimulator.Deploy.0 = Debug|Any CPU
		{27D7A7C4-804A-4FD7-A391-49D812FBD966}.AppStore|x64.ActiveCfg = Debug|Any CPU
		{27D7A7C4-804A-4FD7-A391-49D812FBD966}.AppStore|x64.Build.0 = Debug|Any CPU
		{27D7A7C4-804A-4FD7-A391-49D812FBD966}.AppStore|x64.Deploy.0 = Debug|Any CPU
		{27D7A7C4-804A-4FD7-A391-49D812FBD966}.AppStore|x86.ActiveCfg = Debug|Any CPU
		{27D7A7C4-804A-4FD7-A391-49D812FBD966}.AppStore|x86.Build.0 = Debug|Any CPU
		{27D7A7C4-804A-4FD7-A391-49D812FBD966}.AppStore|x86.Deploy.0 = Debug|Any CPU
		{27D7A7C4-804A-4FD7-A391-49D812FBD966}.Debug|Any CPU.ActiveCfg = Debug|Any CPU
		{27D7A7C4-804A-4FD7-A391-49D812FBD966}.Debug|Any CPU.Build.0 = Debug|Any CPU
		{27D7A7C4-804A-4FD7-A391-49D812FBD966}.Debug|Any CPU.Deploy.0 = Debug|Any CPU
		{27D7A7C4-804A-4FD7-A391-49D812FBD966}.Debug|ARM.ActiveCfg = Debug|Any CPU
		{27D7A7C4-804A-4FD7-A391-49D812FBD966}.Debug|ARM.Build.0 = Debug|Any CPU
		{27D7A7C4-804A-4FD7-A391-49D812FBD966}.Debug|ARM.Deploy.0 = Debug|Any CPU
		{27D7A7C4-804A-4FD7-A391-49D812FBD966}.Debug|iPhone.ActiveCfg = Debug|Any CPU
		{27D7A7C4-804A-4FD7-A391-49D812FBD966}.Debug|iPhone.Build.0 = Debug|Any CPU
		{27D7A7C4-804A-4FD7-A391-49D812FBD966}.Debug|iPhone.Deploy.0 = Debug|Any CPU
		{27D7A7C4-804A-4FD7-A391-49D812FBD966}.Debug|iPhoneSimulator.ActiveCfg = Debug|Any CPU
		{27D7A7C4-804A-4FD7-A391-49D812FBD966}.Debug|iPhoneSimulator.Build.0 = Debug|Any CPU
		{27D7A7C4-804A-4FD7-A391-49D812FBD966}.Debug|iPhoneSimulator.Deploy.0 = Debug|Any CPU
		{27D7A7C4-804A-4FD7-A391-49D812FBD966}.Debug|x64.ActiveCfg = Debug|Any CPU
		{27D7A7C4-804A-4FD7-A391-49D812FBD966}.Debug|x64.Build.0 = Debug|Any CPU
		{27D7A7C4-804A-4FD7-A391-49D812FBD966}.Debug|x64.Deploy.0 = Debug|Any CPU
		{27D7A7C4-804A-4FD7-A391-49D812FBD966}.Debug|x86.ActiveCfg = Debug|Any CPU
		{27D7A7C4-804A-4FD7-A391-49D812FBD966}.Debug|x86.Build.0 = Debug|Any CPU
		{27D7A7C4-804A-4FD7-A391-49D812FBD966}.Debug|x86.Deploy.0 = Debug|Any CPU
		{27D7A7C4-804A-4FD7-A391-49D812FBD966}.Release|Any CPU.ActiveCfg = Release|Any CPU
		{27D7A7C4-804A-4FD7-A391-49D812FBD966}.Release|Any CPU.Build.0 = Release|Any CPU
		{27D7A7C4-804A-4FD7-A391-49D812FBD966}.Release|Any CPU.Deploy.0 = Release|Any CPU
		{27D7A7C4-804A-4FD7-A391-49D812FBD966}.Release|ARM.ActiveCfg = Release|Any CPU
		{27D7A7C4-804A-4FD7-A391-49D812FBD966}.Release|ARM.Build.0 = Release|Any CPU
		{27D7A7C4-804A-4FD7-A391-49D812FBD966}.Release|ARM.Deploy.0 = Release|Any CPU
		{27D7A7C4-804A-4FD7-A391-49D812FBD966}.Release|iPhone.ActiveCfg = Release|Any CPU
		{27D7A7C4-804A-4FD7-A391-49D812FBD966}.Release|iPhone.Build.0 = Release|Any CPU
		{27D7A7C4-804A-4FD7-A391-49D812FBD966}.Release|iPhone.Deploy.0 = Release|Any CPU
		{27D7A7C4-804A-4FD7-A391-49D812FBD966}.Release|iPhoneSimulator.ActiveCfg = Release|Any CPU
		{27D7A7C4-804A-4FD7-A391-49D812FBD966}.Release|iPhoneSimulator.Build.0 = Release|Any CPU
		{27D7A7C4-804A-4FD7-A391-49D812FBD966}.Release|iPhoneSimulator.Deploy.0 = Release|Any CPU
		{27D7A7C4-804A-4FD7-A391-49D812FBD966}.Release|x64.ActiveCfg = Release|Any CPU
		{27D7A7C4-804A-4FD7-A391-49D812FBD966}.Release|x64.Build.0 = Release|Any CPU
		{27D7A7C4-804A-4FD7-A391-49D812FBD966}.Release|x64.Deploy.0 = Release|Any CPU
		{27D7A7C4-804A-4FD7-A391-49D812FBD966}.Release|x86.ActiveCfg = Release|Any CPU
		{27D7A7C4-804A-4FD7-A391-49D812FBD966}.Release|x86.Build.0 = Release|Any CPU
		{27D7A7C4-804A-4FD7-A391-49D812FBD966}.Release|x86.Deploy.0 = Release|Any CPU
	EndGlobalSection
	GlobalSection(SolutionProperties) = preSolution
		HideSolutionNode = FALSE
	EndGlobalSection
	GlobalSection(ExtensibilityGlobals) = postSolution
		SolutionGuid = {C6896D78-1A11-4A3E-BF28-08F14A7A68AD}
	EndGlobalSection
EndGlobal
